PODS:
  - Flutter (1.0.0)
  - instrumentisto-libwebrtc-bin (134.0.6998.165)
  - integration_test (0.0.1):
    - Flutter
  - medea_flutter_webrtc (0.13.3):
    - Flutter
    - instrumentisto-libwebrtc-bin (= 134.0.6998.165)
  - medea_jason (0.9.0):
    - Flutter

DEPENDENCIES:
  - Flutter (from `Flutter`)
  - integration_test (from `.symlinks/plugins/integration_test/ios`)
  - medea_flutter_webrtc (from `.symlinks/plugins/medea_flutter_webrtc/ios`)
  - medea_jason (from `.symlinks/plugins/medea_jason/ios`)

SPEC REPOS:
  trunk:
    - instrumentisto-libwebrtc-bin

EXTERNAL SOURCES:
  Flutter:
    :path: Flutter
  integration_test:
    :path: ".symlinks/plugins/integration_test/ios"
  medea_flutter_webrtc:
    :path: ".symlinks/plugins/medea_flutter_webrtc/ios"
  medea_jason:
    :path: ".symlinks/plugins/medea_jason/ios"

SPEC CHECKSUMS:
  Flutter: e0871f40cf51350855a761d2e70bf5af5b9b5de7
  instrumentisto-libwebrtc-bin: afe27fb5f2bf987d714a7ee37ecbe92a08601bd8
  integration_test: 4a889634ef21a45d28d50d622cf412dc6d9f586e
  medea_flutter_webrtc: 5d1329d904af8cdc1763007aaf8bbcd410cc9b7f
  medea_jason: e5b8d2cc42a5f4124594592a768f8dbab9ddd11a

PODFILE CHECKSUM: 645e03ec353e4a50b5c4f39a89c4acce2cfd4faf

COCOAPODS: 1.16.2
