PODS:
  - Flutter (1.0.0)
  - instrumentisto-libwebrtc-bin (127.0.6533.72)
  - integration_test (0.0.1):
    - Flutter
  - medea_flutter_webrtc (0.10.0):
    - Flutter
    - instrumentisto-libwebrtc-bin (= 127.0.6533.72)
  - medea_jason (0.5.0):
    - Flutter

DEPENDENCIES:
  - Flutter (from `Flutter`)
  - integration_test (from `.symlinks/plugins/integration_test/ios`)
  - medea_flutter_webrtc (from `.symlinks/plugins/medea_flutter_webrtc/ios`)
  - medea_jason (from `.symlinks/plugins/medea_jason/ios`)

SPEC REPOS:
  trunk:
    - instrumentisto-libwebrtc-bin

EXTERNAL SOURCES:
  Flutter:
    :path: Flutter
  integration_test:
    :path: ".symlinks/plugins/integration_test/ios"
  medea_flutter_webrtc:
    :path: ".symlinks/plugins/medea_flutter_webrtc/ios"
  medea_jason:
    :path: ".symlinks/plugins/medea_jason/ios"

SPEC CHECKSUMS:
  Flutter: e0871f40cf51350855a761d2e70bf5af5b9b5de7
  instrumentisto-libwebrtc-bin: 56ed98f1c6354a4d6f80199922978ec74db208a7
  integration_test: ce0a3ffa1de96d1a89ca0ac26fca7ea18a749ef4
  medea_flutter_webrtc: 661d80d1940c3335fa40ae91175bdab30a37cd4d
  medea_jason: 8ae6cad8f42474e0437eb1ed230be00eacfff464

PODFILE CHECKSUM: 645e03ec353e4a50b5c4f39a89c4acce2cfd4faf

COCOAPODS: 1.14.3
