PODS:
  - device_info_plus (0.0.1):
    - Flutter
  - Flutter (1.0.0)
  - instrumentisto-libwebrtc-bin (140.0.7339.127)
  - integration_test (0.0.1):
    - Flutter
  - medea_flutter_webrtc (0.16.0-dev):
    - Flutter
    - instrumentisto-libwebrtc-bin (= 140.0.7339.127)
  - medea_jason (0.11.0):
    - Flutter

DEPENDENCIES:
  - device_info_plus (from `.symlinks/plugins/device_info_plus/ios`)
  - Flutter (from `Flutter`)
  - integration_test (from `.symlinks/plugins/integration_test/ios`)
  - medea_flutter_webrtc (from `.symlinks/plugins/medea_flutter_webrtc/ios`)
  - medea_jason (from `.symlinks/plugins/medea_jason/ios`)

SPEC REPOS:
  trunk:
    - instrumentisto-libwebrtc-bin

EXTERNAL SOURCES:
  device_info_plus:
    :path: ".symlinks/plugins/device_info_plus/ios"
  Flutter:
    :path: Flutter
  integration_test:
    :path: ".symlinks/plugins/integration_test/ios"
  medea_flutter_webrtc:
    :path: ".symlinks/plugins/medea_flutter_webrtc/ios"
  medea_jason:
    :path: ".symlinks/plugins/medea_jason/ios"

SPEC CHECKSUMS:
  device_info_plus: bf2e3232933866d73fe290f2942f2156cdd10342
  Flutter: cabc95a1d2626b1b06e7179b784ebcf0c0cde467
  instrumentisto-libwebrtc-bin: 3c5cc970dca7b77172d45a49561720693122cf92
  integration_test: 252f60fa39af5e17c3aa9899d35d908a0721b573
  medea_flutter_webrtc: fdada1fe2505169ab574ee14b93f1d7a2572a250
  medea_jason: 2ce759d9dd1cdac04ba45758526484e4d08a3f3d

PODFILE CHECKSUM: b6c1777b8742f73e5cdad8789e3d9f4d8eaca881

COCOAPODS: 1.16.2
