PODS:
  - device_info_plus (0.0.1):
    - FlutterMacOS
  - FlutterMacOS (1.0.0)
  - medea_flutter_webrtc (0.14.0):
    - FlutterMacOS
  - medea_jason (0.9.1):
    - FlutterMacOS

DEPENDENCIES:
  - device_info_plus (from `Flutter/ephemeral/.symlinks/plugins/device_info_plus/macos`)
  - FlutterMacOS (from `Flutter/ephemeral`)
  - medea_flutter_webrtc (from `Flutter/ephemeral/.symlinks/plugins/medea_flutter_webrtc/macos`)
  - medea_jason (from `Flutter/ephemeral/.symlinks/plugins/medea_jason/macos`)

EXTERNAL SOURCES:
  device_info_plus:
    :path: Flutter/ephemeral/.symlinks/plugins/device_info_plus/macos
  FlutterMacOS:
    :path: Flutter/ephemeral
  medea_flutter_webrtc:
    :path: Flutter/ephemeral/.symlinks/plugins/medea_flutter_webrtc/macos
  medea_jason:
    :path: Flutter/ephemeral/.symlinks/plugins/medea_jason/macos

SPEC CHECKSUMS:
  device_info_plus: 1b14eed9bf95428983aed283a8d51cce3d8c4215
  FlutterMacOS: 8f6f14fa908a6fb3fba0cd85dbd81ec4b251fb24
  medea_flutter_webrtc: 1687a4fdc41a8c616b7d15db13a414a17f57f866
  medea_jason: 0b3cf910124cbfe99a2c0e21759a9ea40397668f

PODFILE CHECKSUM: f2be5c55caf0858e07be9422fb29c55cc0823b20

COCOAPODS: 1.16.2
