PODS:
  - device_info_plus (0.0.1):
    - FlutterMacOS
  - FlutterMacOS (1.0.0)
  - medea_flutter_webrtc (0.15.0):
    - FlutterMacOS
  - medea_jason (0.9.1):
    - FlutterMacOS

DEPENDENCIES:
  - device_info_plus (from `Flutter/ephemeral/.symlinks/plugins/device_info_plus/macos`)
  - FlutterMacOS (from `Flutter/ephemeral`)
  - medea_flutter_webrtc (from `Flutter/ephemeral/.symlinks/plugins/medea_flutter_webrtc/macos`)
  - medea_jason (from `Flutter/ephemeral/.symlinks/plugins/medea_jason/macos`)

EXTERNAL SOURCES:
  device_info_plus:
    :path: Flutter/ephemeral/.symlinks/plugins/device_info_plus/macos
  FlutterMacOS:
    :path: Flutter/ephemeral
  medea_flutter_webrtc:
    :path: Flutter/ephemeral/.symlinks/plugins/medea_flutter_webrtc/macos
  medea_jason:
    :path: Flutter/ephemeral/.symlinks/plugins/medea_jason/macos

SPEC CHECKSUMS:
  device_info_plus: 1b14eed9bf95428983aed283a8d51cce3d8c4215
  FlutterMacOS: 8f6f14fa908a6fb3fba0cd85dbd81ec4b251fb24
  medea_flutter_webrtc: bf26a8e065ed6b67773835cb97755ad8c1714b7b
  medea_jason: 91775c7f346130bf5b230af67064940442a434f6

PODFILE CHECKSUM: 1b29b575031b812e1e7a7cf698aec84e8b2cab1e

COCOAPODS: 1.16.2
